// !$*UTF8*$!
{
	archiveVersion = 1;
	classes = {
	};
	objectVersion = 55;
	objects = {

/* Begin PBXBuildFile section */
		2003255828FFC9A0004DE5B6 /* ChilledCafeApp.swift in Sources */ = {isa = PBXBuildFile; fileRef = 2003255728FFC9A0004DE5B6 /* ChilledCafeApp.swift */; };
		2003255C28FFC9A0004DE5B6 /* Assets.xcassets in Resources */ = {isa = PBXBuildFile; fileRef = 2003255B28FFC9A0004DE5B6 /* Assets.xcassets */; };
		2003255F28FFC9A0004DE5B6 /* Preview Assets.xcassets in Resources */ = {isa = PBXBuildFile; fileRef = 2003255E28FFC9A0004DE5B6 /* Preview Assets.xcassets */; };
		207DA37D29066FE500D65EC4 /* Mood.swift in Sources */ = {isa = PBXBuildFile; fileRef = 207DA37C29066FE500D65EC4 /* Mood.swift */; };
		207DA37F2906700700D65EC4 /* Menu.swift in Sources */ = {isa = PBXBuildFile; fileRef = 207DA37E2906700700D65EC4 /* Menu.swift */; };
		207DA3812906702700D65EC4 /* Info.swift in Sources */ = {isa = PBXBuildFile; fileRef = 207DA3802906702700D65EC4 /* Info.swift */; };
		207DA3832906725B00D65EC4 /* OffsetModifier.swift in Sources */ = {isa = PBXBuildFile; fileRef = 207DA3822906725B00D65EC4 /* OffsetModifier.swift */; };
		20D8E945291EAAAF00EAC612 /* MoodViewModel.swift in Sources */ = {isa = PBXBuildFile; fileRef = 20D8E944291EAAAF00EAC612 /* MoodViewModel.swift */; };
		20D8E947291EABE300EAC612 /* MoodImageView.swift in Sources */ = {isa = PBXBuildFile; fileRef = 20D8E946291EABE300EAC612 /* MoodImageView.swift */; };
		3906DC71290311E500B26783 /* UIScreenExtension.swift in Sources */ = {isa = PBXBuildFile; fileRef = 3906DC70290311E500B26783 /* UIScreenExtension.swift */; };
		3906DC76290312FE00B26783 /* Kingfisher in Frameworks */ = {isa = PBXBuildFile; productRef = 3906DC75290312FE00B26783 /* Kingfisher */; };
		3906DC7C29040AED00B26783 /* CafeListView.swift in Sources */ = {isa = PBXBuildFile; fileRef = 3906DC7B29040AED00B26783 /* CafeListView.swift */; };
		3906DC812904484700B26783 /* ACarousel in Frameworks */ = {isa = PBXBuildFile; productRef = 3906DC802904484700B26783 /* ACarousel */; };
		393A5BA2290739B600C4E31E /* SelectAtmosphereView.swift in Sources */ = {isa = PBXBuildFile; fileRef = 393A5BA1290739B600C4E31E /* SelectAtmosphereView.swift */; };
		393A5BC82907BE5900C4E31E /* TransparentLikedCafeCardView.swift in Sources */ = {isa = PBXBuildFile; fileRef = 393A5BC72907BE5900C4E31E /* TransparentLikedCafeCardView.swift */; };
		3947F1AB290A6B5A009FA15C /* IntroView.swift in Sources */ = {isa = PBXBuildFile; fileRef = 3947F1AA290A6B5A009FA15C /* IntroView.swift */; };
		3947F1AD290A6C94009FA15C /* CustomConfirmButtonView.swift in Sources */ = {isa = PBXBuildFile; fileRef = 3947F1AC290A6C94009FA15C /* CustomConfirmButtonView.swift */; };
		3947F1B0290A8413009FA15C /* LTMuseum-Bold.ttf in Resources */ = {isa = PBXBuildFile; fileRef = 3947F1AE290A8413009FA15C /* LTMuseum-Bold.ttf */; };
		3947F1B1290A8413009FA15C /* LTMuseum-Reg.ttf in Resources */ = {isa = PBXBuildFile; fileRef = 3947F1AF290A8413009FA15C /* LTMuseum-Reg.ttf */; };
		3997AEA7291D12BD00D57176 /* GoogleService-Info.plist in Resources */ = {isa = PBXBuildFile; fileRef = 3997AEA6291D12BD00D57176 /* GoogleService-Info.plist */; };
		3997AEA9291D187300D57176 /* MainView.swift in Sources */ = {isa = PBXBuildFile; fileRef = 3997AEA8291D187300D57176 /* MainView.swift */; };
		3997AEAC291D1CCC00D57176 /* HorizontalScrollMenuBarView.swift in Sources */ = {isa = PBXBuildFile; fileRef = 3997AEAB291D1CCC00D57176 /* HorizontalScrollMenuBarView.swift */; };
		3997AEAE291D274600D57176 /* CategoryButtonView.swift in Sources */ = {isa = PBXBuildFile; fileRef = 3997AEAD291D274600D57176 /* CategoryButtonView.swift */; };
		3997AECC291E0DDA00D57176 /* FullCardView.swift in Sources */ = {isa = PBXBuildFile; fileRef = 3997AECB291E0DDA00D57176 /* FullCardView.swift */; };
		3997AECE291E0EAC00D57176 /* FullCardScrollView.swift in Sources */ = {isa = PBXBuildFile; fileRef = 3997AECD291E0EAC00D57176 /* FullCardScrollView.swift */; };
		39B7C51329058172000C8B07 /* CardView.swift in Sources */ = {isa = PBXBuildFile; fileRef = 39B7C51229058172000C8B07 /* CardView.swift */; };
		39B7C51529058AA9000C8B07 /* LikedCafeCardView.swift in Sources */ = {isa = PBXBuildFile; fileRef = 39B7C51429058AA9000C8B07 /* LikedCafeCardView.swift */; };
		39B7C51D2905AA23000C8B07 /* AppleSDGothicNeo.ttc in Resources */ = {isa = PBXBuildFile; fileRef = 39B7C51C2905AA23000C8B07 /* AppleSDGothicNeo.ttc */; };
		39B7C5202905AB1A000C8B07 /* FontExtension.swift in Sources */ = {isa = PBXBuildFile; fileRef = 39B7C51F2905AB1A000C8B07 /* FontExtension.swift */; };
		39B7C5222905AB41000C8B07 /* TextExtension.swift in Sources */ = {isa = PBXBuildFile; fileRef = 39B7C5212905AB41000C8B07 /* TextExtension.swift */; };
		39B7C5242905AD98000C8B07 /* AppleSDGothicNeoEB.ttf in Resources */ = {isa = PBXBuildFile; fileRef = 39B7C5232905AD98000C8B07 /* AppleSDGothicNeoEB.ttf */; };
		39B7C5262905B6F3000C8B07 /* ViewExtension.swift in Sources */ = {isa = PBXBuildFile; fileRef = 39B7C5252905B6F3000C8B07 /* ViewExtension.swift */; };
		9A050AE729063892000FB253 /* CafeDetailView.swift in Sources */ = {isa = PBXBuildFile; fileRef = 9A050AE629063892000FB253 /* CafeDetailView.swift */; };
		9A2930DE290270EF0005D339 /* FirebaseAnalytics in Frameworks */ = {isa = PBXBuildFile; productRef = 9A2930DD290270EF0005D339 /* FirebaseAnalytics */; };
		9A2930E0290270EF0005D339 /* FirebaseAuth in Frameworks */ = {isa = PBXBuildFile; productRef = 9A2930DF290270EF0005D339 /* FirebaseAuth */; };
		9A2930E2290270EF0005D339 /* FirebaseDatabase in Frameworks */ = {isa = PBXBuildFile; productRef = 9A2930E1290270EF0005D339 /* FirebaseDatabase */; };
		9A2930E4290270EF0005D339 /* FirebaseFirestore in Frameworks */ = {isa = PBXBuildFile; productRef = 9A2930E3290270EF0005D339 /* FirebaseFirestore */; };
		9A2930E6290270EF0005D339 /* FirebaseFunctions in Frameworks */ = {isa = PBXBuildFile; productRef = 9A2930E5290270EF0005D339 /* FirebaseFunctions */; };
		9A2930E8290270EF0005D339 /* FirebaseStorage in Frameworks */ = {isa = PBXBuildFile; productRef = 9A2930E7290270EF0005D339 /* FirebaseStorage */; };
		9A2930EA290271DB0005D339 /* FirebaseStorageManager.swift in Sources */ = {isa = PBXBuildFile; fileRef = 9A2930E9290271DB0005D339 /* FirebaseStorageManager.swift */; };
		9A2930F3290438820005D339 /* Cafe.swift in Sources */ = {isa = PBXBuildFile; fileRef = 9A2930F2290438820005D339 /* Cafe.swift */; };
		9A637F40291E3784009BCBED /* MoodView.swift in Sources */ = {isa = PBXBuildFile; fileRef = 9A637F3F291E3784009BCBED /* MoodView.swift */; };
		9A9B2F13290119B7005AC001 /* HotPlace.swift in Sources */ = {isa = PBXBuildFile; fileRef = 9A9B2F12290119B7005AC001 /* HotPlace.swift */; };
		9A9B2F1729011A1C005AC001 /* temparyData.swift in Sources */ = {isa = PBXBuildFile; fileRef = 9A9B2F1629011A1C005AC001 /* temparyData.swift */; };
		9AD1DA74291CF1BA0089E88A /* Cafes.swift in Sources */ = {isa = PBXBuildFile; fileRef = 9AD1DA73291CF1BA0089E88A /* Cafes.swift */; };
		9AD1DA76291D47A30089E88A /* BlueOrangeDetailView.swift in Sources */ = {isa = PBXBuildFile; fileRef = 9AD1DA75291D47A30089E88A /* BlueOrangeDetailView.swift */; };
/* End PBXBuildFile section */

/* Begin PBXFileReference section */
		2003255428FFC9A0004DE5B6 /* ChilledCafe.app */ = {isa = PBXFileReference; explicitFileType = wrapper.application; includeInIndex = 0; path = ChilledCafe.app; sourceTree = BUILT_PRODUCTS_DIR; };
		2003255728FFC9A0004DE5B6 /* ChilledCafeApp.swift */ = {isa = PBXFileReference; lastKnownFileType = sourcecode.swift; path = ChilledCafeApp.swift; sourceTree = "<group>"; };
		2003255B28FFC9A0004DE5B6 /* Assets.xcassets */ = {isa = PBXFileReference; lastKnownFileType = folder.assetcatalog; path = Assets.xcassets; sourceTree = "<group>"; };
		2003255E28FFC9A0004DE5B6 /* Preview Assets.xcassets */ = {isa = PBXFileReference; lastKnownFileType = folder.assetcatalog; path = "Preview Assets.xcassets"; sourceTree = "<group>"; };
		207DA37C29066FE500D65EC4 /* Mood.swift */ = {isa = PBXFileReference; lastKnownFileType = sourcecode.swift; path = Mood.swift; sourceTree = "<group>"; };
		207DA37E2906700700D65EC4 /* Menu.swift */ = {isa = PBXFileReference; lastKnownFileType = sourcecode.swift; path = Menu.swift; sourceTree = "<group>"; };
		207DA3802906702700D65EC4 /* Info.swift */ = {isa = PBXFileReference; lastKnownFileType = sourcecode.swift; path = Info.swift; sourceTree = "<group>"; };
		207DA3822906725B00D65EC4 /* OffsetModifier.swift */ = {isa = PBXFileReference; lastKnownFileType = sourcecode.swift; path = OffsetModifier.swift; sourceTree = "<group>"; };
		20D8E944291EAAAF00EAC612 /* MoodViewModel.swift */ = {isa = PBXFileReference; lastKnownFileType = sourcecode.swift; path = MoodViewModel.swift; sourceTree = "<group>"; };
		20D8E946291EABE300EAC612 /* MoodImageView.swift */ = {isa = PBXFileReference; lastKnownFileType = sourcecode.swift; path = MoodImageView.swift; sourceTree = "<group>"; };
		3906DC70290311E500B26783 /* UIScreenExtension.swift */ = {isa = PBXFileReference; lastKnownFileType = sourcecode.swift; path = UIScreenExtension.swift; sourceTree = "<group>"; };
		3906DC7B29040AED00B26783 /* CafeListView.swift */ = {isa = PBXFileReference; lastKnownFileType = sourcecode.swift; path = CafeListView.swift; sourceTree = "<group>"; };
		393A5BA1290739B600C4E31E /* SelectAtmosphereView.swift */ = {isa = PBXFileReference; lastKnownFileType = sourcecode.swift; path = SelectAtmosphereView.swift; sourceTree = "<group>"; };
		393A5BC72907BE5900C4E31E /* TransparentLikedCafeCardView.swift */ = {isa = PBXFileReference; lastKnownFileType = sourcecode.swift; path = TransparentLikedCafeCardView.swift; sourceTree = "<group>"; };
		3947F1AA290A6B5A009FA15C /* IntroView.swift */ = {isa = PBXFileReference; lastKnownFileType = sourcecode.swift; path = IntroView.swift; sourceTree = "<group>"; };
		3947F1AC290A6C94009FA15C /* CustomConfirmButtonView.swift */ = {isa = PBXFileReference; lastKnownFileType = sourcecode.swift; path = CustomConfirmButtonView.swift; sourceTree = "<group>"; };
		3947F1AE290A8413009FA15C /* LTMuseum-Bold.ttf */ = {isa = PBXFileReference; lastKnownFileType = file; path = "LTMuseum-Bold.ttf"; sourceTree = "<group>"; };
		3947F1AF290A8413009FA15C /* LTMuseum-Reg.ttf */ = {isa = PBXFileReference; lastKnownFileType = file; path = "LTMuseum-Reg.ttf"; sourceTree = "<group>"; };
		3997AEA6291D12BD00D57176 /* GoogleService-Info.plist */ = {isa = PBXFileReference; fileEncoding = 4; lastKnownFileType = text.plist.xml; path = "GoogleService-Info.plist"; sourceTree = "<group>"; };
		3997AEA8291D187300D57176 /* MainView.swift */ = {isa = PBXFileReference; lastKnownFileType = sourcecode.swift; path = MainView.swift; sourceTree = "<group>"; };
		3997AEAB291D1CCC00D57176 /* HorizontalScrollMenuBarView.swift */ = {isa = PBXFileReference; lastKnownFileType = sourcecode.swift; path = HorizontalScrollMenuBarView.swift; sourceTree = "<group>"; };
		3997AEAD291D274600D57176 /* CategoryButtonView.swift */ = {isa = PBXFileReference; lastKnownFileType = sourcecode.swift; path = CategoryButtonView.swift; sourceTree = "<group>"; };
		3997AECB291E0DDA00D57176 /* FullCardView.swift */ = {isa = PBXFileReference; lastKnownFileType = sourcecode.swift; path = FullCardView.swift; sourceTree = "<group>"; };
		3997AECD291E0EAC00D57176 /* FullCardScrollView.swift */ = {isa = PBXFileReference; lastKnownFileType = sourcecode.swift; path = FullCardScrollView.swift; sourceTree = "<group>"; };
		39B7C51229058172000C8B07 /* CardView.swift */ = {isa = PBXFileReference; lastKnownFileType = sourcecode.swift; path = CardView.swift; sourceTree = "<group>"; };
		39B7C51429058AA9000C8B07 /* LikedCafeCardView.swift */ = {isa = PBXFileReference; lastKnownFileType = sourcecode.swift; path = LikedCafeCardView.swift; sourceTree = "<group>"; };
		39B7C51C2905AA23000C8B07 /* AppleSDGothicNeo.ttc */ = {isa = PBXFileReference; lastKnownFileType = file; path = AppleSDGothicNeo.ttc; sourceTree = "<group>"; };
		39B7C51F2905AB1A000C8B07 /* FontExtension.swift */ = {isa = PBXFileReference; lastKnownFileType = sourcecode.swift; path = FontExtension.swift; sourceTree = "<group>"; };
		39B7C5212905AB41000C8B07 /* TextExtension.swift */ = {isa = PBXFileReference; lastKnownFileType = sourcecode.swift; path = TextExtension.swift; sourceTree = "<group>"; };
		39B7C5232905AD98000C8B07 /* AppleSDGothicNeoEB.ttf */ = {isa = PBXFileReference; lastKnownFileType = file; path = AppleSDGothicNeoEB.ttf; sourceTree = "<group>"; };
		39B7C5252905B6F3000C8B07 /* ViewExtension.swift */ = {isa = PBXFileReference; lastKnownFileType = sourcecode.swift; path = ViewExtension.swift; sourceTree = "<group>"; };
		9A050AE629063892000FB253 /* CafeDetailView.swift */ = {isa = PBXFileReference; lastKnownFileType = sourcecode.swift; path = CafeDetailView.swift; sourceTree = "<group>"; };
		9A2930E9290271DB0005D339 /* FirebaseStorageManager.swift */ = {isa = PBXFileReference; lastKnownFileType = sourcecode.swift; path = FirebaseStorageManager.swift; sourceTree = "<group>"; };
		9A2930F2290438820005D339 /* Cafe.swift */ = {isa = PBXFileReference; lastKnownFileType = sourcecode.swift; path = Cafe.swift; sourceTree = "<group>"; };
		9A637F3F291E3784009BCBED /* MoodView.swift */ = {isa = PBXFileReference; lastKnownFileType = sourcecode.swift; path = MoodView.swift; sourceTree = "<group>"; };
		9A9B2F12290119B7005AC001 /* HotPlace.swift */ = {isa = PBXFileReference; lastKnownFileType = sourcecode.swift; path = HotPlace.swift; sourceTree = "<group>"; };
		9A9B2F1629011A1C005AC001 /* temparyData.swift */ = {isa = PBXFileReference; lastKnownFileType = sourcecode.swift; path = temparyData.swift; sourceTree = "<group>"; };
		9AD1DA73291CF1BA0089E88A /* Cafes.swift */ = {isa = PBXFileReference; lastKnownFileType = sourcecode.swift; path = Cafes.swift; sourceTree = "<group>"; };
		9AD1DA75291D47A30089E88A /* BlueOrangeDetailView.swift */ = {isa = PBXFileReference; lastKnownFileType = sourcecode.swift; path = BlueOrangeDetailView.swift; sourceTree = "<group>"; };
/* End PBXFileReference section */

/* Begin PBXFrameworksBuildPhase section */
		2003255128FFC9A0004DE5B6 /* Frameworks */ = {
			isa = PBXFrameworksBuildPhase;
			buildActionMask = 2147483647;
			files = (
				3906DC812904484700B26783 /* ACarousel in Frameworks */,
				9A2930E2290270EF0005D339 /* FirebaseDatabase in Frameworks */,
				9A2930E4290270EF0005D339 /* FirebaseFirestore in Frameworks */,
				3906DC76290312FE00B26783 /* Kingfisher in Frameworks */,
				9A2930E6290270EF0005D339 /* FirebaseFunctions in Frameworks */,
				9A2930DE290270EF0005D339 /* FirebaseAnalytics in Frameworks */,
				9A2930E0290270EF0005D339 /* FirebaseAuth in Frameworks */,
				9A2930E8290270EF0005D339 /* FirebaseStorage in Frameworks */,
			);
			runOnlyForDeploymentPostprocessing = 0;
		};
/* End PBXFrameworksBuildPhase section */

/* Begin PBXGroup section */
		2003254B28FFC9A0004DE5B6 = {
			isa = PBXGroup;
			children = (
				3997AEA6291D12BD00D57176 /* GoogleService-Info.plist */,
				39B7C5192905A9E7000C8B07 /* Fonts */,
				2003255628FFC9A0004DE5B6 /* ChilledCafe */,
				2003255528FFC9A0004DE5B6 /* Products */,
			);
			sourceTree = "<group>";
		};
		2003255528FFC9A0004DE5B6 /* Products */ = {
			isa = PBXGroup;
			children = (
				2003255428FFC9A0004DE5B6 /* ChilledCafe.app */,
			);
			name = Products;
			sourceTree = "<group>";
		};
		2003255628FFC9A0004DE5B6 /* ChilledCafe */ = {
			isa = PBXGroup;
			children = (
				3906DC6F290311C700B26783 /* Extension */,
				9A2930EF290291F60005D339 /* Firebase */,
				9A9B2F0E29011995005AC001 /* Data */,
				9A9B2F0D2901198A005AC001 /* Model */,
				9A9B2F0C29011985005AC001 /* Views */,
				2003255728FFC9A0004DE5B6 /* ChilledCafeApp.swift */,
				2003255B28FFC9A0004DE5B6 /* Assets.xcassets */,
				2003255D28FFC9A0004DE5B6 /* Preview Content */,
			);
			path = ChilledCafe;
			sourceTree = "<group>";
		};
		2003255D28FFC9A0004DE5B6 /* Preview Content */ = {
			isa = PBXGroup;
			children = (
				2003255E28FFC9A0004DE5B6 /* Preview Assets.xcassets */,
			);
			path = "Preview Content";
			sourceTree = "<group>";
		};
		207DA37B29066FB300D65EC4 /* CafeDetail */ = {
			isa = PBXGroup;
			children = (
				9A050AE629063892000FB253 /* CafeDetailView.swift */,
				207DA37C29066FE500D65EC4 /* Mood.swift */,
				207DA37E2906700700D65EC4 /* Menu.swift */,
				207DA3802906702700D65EC4 /* Info.swift */,
				207DA3822906725B00D65EC4 /* OffsetModifier.swift */,
			);
			path = CafeDetail;
			sourceTree = "<group>";
		};
		20D8E943291EAA9B00EAC612 /* MoodView */ = {
			isa = PBXGroup;
			children = (
				9A637F3F291E3784009BCBED /* MoodView.swift */,
				20D8E944291EAAAF00EAC612 /* MoodViewModel.swift */,
				20D8E946291EABE300EAC612 /* MoodImageView.swift */,
			);
			path = MoodView;
			sourceTree = "<group>";
		};
		3906DC6F290311C700B26783 /* Extension */ = {
			isa = PBXGroup;
			children = (
				3906DC70290311E500B26783 /* UIScreenExtension.swift */,
				39B7C51F2905AB1A000C8B07 /* FontExtension.swift */,
				39B7C5212905AB41000C8B07 /* TextExtension.swift */,
				39B7C5252905B6F3000C8B07 /* ViewExtension.swift */,
			);
			path = Extension;
			sourceTree = "<group>";
		};
		393A5BC92907C15900C4E31E /* CafeList */ = {
			isa = PBXGroup;
			children = (
				3906DC7B29040AED00B26783 /* CafeListView.swift */,
				39B7C51229058172000C8B07 /* CardView.swift */,
				39B7C51429058AA9000C8B07 /* LikedCafeCardView.swift */,
				393A5BC72907BE5900C4E31E /* TransparentLikedCafeCardView.swift */,
			);
			path = CafeList;
			sourceTree = "<group>";
		};
		3997AEAA291D1C9100D57176 /* Main */ = {
			isa = PBXGroup;
			children = (
				3997AEA8291D187300D57176 /* MainView.swift */,
				3997AEAB291D1CCC00D57176 /* HorizontalScrollMenuBarView.swift */,
				3997AEAD291D274600D57176 /* CategoryButtonView.swift */,
				3997AECB291E0DDA00D57176 /* FullCardView.swift */,
				3997AECD291E0EAC00D57176 /* FullCardScrollView.swift */,
			);
			path = Main;
			sourceTree = "<group>";
		};
		39B7C5192905A9E7000C8B07 /* Fonts */ = {
			isa = PBXGroup;
			children = (
				39B7C51C2905AA23000C8B07 /* AppleSDGothicNeo.ttc */,
				39B7C5232905AD98000C8B07 /* AppleSDGothicNeoEB.ttf */,
				3947F1AE290A8413009FA15C /* LTMuseum-Bold.ttf */,
				3947F1AF290A8413009FA15C /* LTMuseum-Reg.ttf */,
			);
			path = Fonts;
			sourceTree = "<group>";
		};
		39B7C52829070985000C8B07 /* Onboarding */ = {
			isa = PBXGroup;
			children = (
				393A5BA1290739B600C4E31E /* SelectAtmosphereView.swift */,
				3947F1AA290A6B5A009FA15C /* IntroView.swift */,
				3947F1AC290A6C94009FA15C /* CustomConfirmButtonView.swift */,
			);
			path = Onboarding;
			sourceTree = "<group>";
		};
		9A2930EF290291F60005D339 /* Firebase */ = {
			isa = PBXGroup;
			children = (
				9A2930E9290271DB0005D339 /* FirebaseStorageManager.swift */,
			);
			path = Firebase;
			sourceTree = "<group>";
		};
		9A9B2F0C29011985005AC001 /* Views */ = {
			isa = PBXGroup;
			children = (
				20D8E943291EAA9B00EAC612 /* MoodView */,
				9AD1DA75291D47A30089E88A /* BlueOrangeDetailView.swift */,
				3997AEAA291D1C9100D57176 /* Main */,
				393A5BC92907C15900C4E31E /* CafeList */,
				207DA37B29066FB300D65EC4 /* CafeDetail */,
				39B7C52829070985000C8B07 /* Onboarding */,
			);
			path = Views;
			sourceTree = "<group>";
		};
		9A9B2F0D2901198A005AC001 /* Model */ = {
			isa = PBXGroup;
			children = (
				9A9B2F12290119B7005AC001 /* HotPlace.swift */,
				9A2930F2290438820005D339 /* Cafe.swift */,
				9AD1DA73291CF1BA0089E88A /* Cafes.swift */,
			);
			path = Model;
			sourceTree = "<group>";
		};
		9A9B2F0E29011995005AC001 /* Data */ = {
			isa = PBXGroup;
			children = (
				9A9B2F1629011A1C005AC001 /* temparyData.swift */,
			);
			path = Data;
			sourceTree = "<group>";
		};
/* End PBXGroup section */

/* Begin PBXNativeTarget section */
		2003255328FFC9A0004DE5B6 /* ChilledCafe */ = {
			isa = PBXNativeTarget;
			buildConfigurationList = 2003256228FFC9A0004DE5B6 /* Build configuration list for PBXNativeTarget "ChilledCafe" */;
			buildPhases = (
				2003255028FFC9A0004DE5B6 /* Sources */,
				2003255128FFC9A0004DE5B6 /* Frameworks */,
				2003255228FFC9A0004DE5B6 /* Resources */,
			);
			buildRules = (
			);
			dependencies = (
			);
			name = ChilledCafe;
			packageProductDependencies = (
				9A2930DD290270EF0005D339 /* FirebaseAnalytics */,
				9A2930DF290270EF0005D339 /* FirebaseAuth */,
				9A2930E1290270EF0005D339 /* FirebaseDatabase */,
				9A2930E3290270EF0005D339 /* FirebaseFirestore */,
				9A2930E5290270EF0005D339 /* FirebaseFunctions */,
				9A2930E7290270EF0005D339 /* FirebaseStorage */,
				3906DC75290312FE00B26783 /* Kingfisher */,
				3906DC802904484700B26783 /* ACarousel */,
			);
			productName = ChilledCafe;
			productReference = 2003255428FFC9A0004DE5B6 /* ChilledCafe.app */;
			productType = "com.apple.product-type.application";
		};
/* End PBXNativeTarget section */

/* Begin PBXProject section */
		2003254C28FFC9A0004DE5B6 /* Project object */ = {
			isa = PBXProject;
			attributes = {
				BuildIndependentTargetsInParallel = 1;
				LastSwiftUpdateCheck = 1340;
				LastUpgradeCheck = 1340;
				TargetAttributes = {
					2003255328FFC9A0004DE5B6 = {
						CreatedOnToolsVersion = 13.4.1;
					};
				};
			};
			buildConfigurationList = 2003254F28FFC9A0004DE5B6 /* Build configuration list for PBXProject "ChilledCafe" */;
			compatibilityVersion = "Xcode 13.0";
			developmentRegion = en;
			hasScannedForEncodings = 0;
			knownRegions = (
				en,
				Base,
			);
			mainGroup = 2003254B28FFC9A0004DE5B6;
			packageReferences = (
				9A2930DC290270EF0005D339 /* XCRemoteSwiftPackageReference "firebase-ios-sdk" */,
				3906DC74290312FE00B26783 /* XCRemoteSwiftPackageReference "Kingfisher" */,
				3906DC7F2904484600B26783 /* XCRemoteSwiftPackageReference "ACarousel" */,
			);
			productRefGroup = 2003255528FFC9A0004DE5B6 /* Products */;
			projectDirPath = "";
			projectRoot = "";
			targets = (
				2003255328FFC9A0004DE5B6 /* ChilledCafe */,
			);
		};
/* End PBXProject section */

/* Begin PBXResourcesBuildPhase section */
		2003255228FFC9A0004DE5B6 /* Resources */ = {
			isa = PBXResourcesBuildPhase;
			buildActionMask = 2147483647;
			files = (
				2003255F28FFC9A0004DE5B6 /* Preview Assets.xcassets in Resources */,
				2003255C28FFC9A0004DE5B6 /* Assets.xcassets in Resources */,
				3947F1B0290A8413009FA15C /* LTMuseum-Bold.ttf in Resources */,
				39B7C5242905AD98000C8B07 /* AppleSDGothicNeoEB.ttf in Resources */,
				39B7C51D2905AA23000C8B07 /* AppleSDGothicNeo.ttc in Resources */,
				3947F1B1290A8413009FA15C /* LTMuseum-Reg.ttf in Resources */,
				3997AEA7291D12BD00D57176 /* GoogleService-Info.plist in Resources */,
			);
			runOnlyForDeploymentPostprocessing = 0;
		};
/* End PBXResourcesBuildPhase section */

/* Begin PBXSourcesBuildPhase section */
		2003255028FFC9A0004DE5B6 /* Sources */ = {
			isa = PBXSourcesBuildPhase;
			buildActionMask = 2147483647;
			files = (
				3947F1AD290A6C94009FA15C /* CustomConfirmButtonView.swift in Sources */,
				9AD1DA74291CF1BA0089E88A /* Cafes.swift in Sources */,
				39B7C51329058172000C8B07 /* CardView.swift in Sources */,
				3906DC7C29040AED00B26783 /* CafeListView.swift in Sources */,
				9A050AE729063892000FB253 /* CafeDetailView.swift in Sources */,
				39B7C51529058AA9000C8B07 /* LikedCafeCardView.swift in Sources */,
				3997AEAC291D1CCC00D57176 /* HorizontalScrollMenuBarView.swift in Sources */,
				207DA3832906725B00D65EC4 /* OffsetModifier.swift in Sources */,
				39B7C5222905AB41000C8B07 /* TextExtension.swift in Sources */,
				9A2930EA290271DB0005D339 /* FirebaseStorageManager.swift in Sources */,
				3906DC71290311E500B26783 /* UIScreenExtension.swift in Sources */,
				3997AECE291E0EAC00D57176 /* FullCardScrollView.swift in Sources */,
				9A9B2F13290119B7005AC001 /* HotPlace.swift in Sources */,
				9A9B2F1729011A1C005AC001 /* temparyData.swift in Sources */,
				20D8E945291EAAAF00EAC612 /* MoodViewModel.swift in Sources */,
				20D8E947291EABE300EAC612 /* MoodImageView.swift in Sources */,
				207DA37F2906700700D65EC4 /* Menu.swift in Sources */,
				3997AEAE291D274600D57176 /* CategoryButtonView.swift in Sources */,
				3997AECC291E0DDA00D57176 /* FullCardView.swift in Sources */,
				207DA37D29066FE500D65EC4 /* Mood.swift in Sources */,
				393A5BA2290739B600C4E31E /* SelectAtmosphereView.swift in Sources */,
				3947F1AB290A6B5A009FA15C /* IntroView.swift in Sources */,
				393A5BC82907BE5900C4E31E /* TransparentLikedCafeCardView.swift in Sources */,
				2003255828FFC9A0004DE5B6 /* ChilledCafeApp.swift in Sources */,
				39B7C5202905AB1A000C8B07 /* FontExtension.swift in Sources */,
				3997AEA9291D187300D57176 /* MainView.swift in Sources */,
				9A2930F3290438820005D339 /* Cafe.swift in Sources */,
				39B7C5262905B6F3000C8B07 /* ViewExtension.swift in Sources */,
				207DA3812906702700D65EC4 /* Info.swift in Sources */,
				9AD1DA76291D47A30089E88A /* BlueOrangeDetailView.swift in Sources */,
				9A637F40291E3784009BCBED /* MoodView.swift in Sources */,
			);
			runOnlyForDeploymentPostprocessing = 0;
		};
/* End PBXSourcesBuildPhase section */

/* Begin XCBuildConfiguration section */
		2003256028FFC9A0004DE5B6 /* Debug */ = {
			isa = XCBuildConfiguration;
			buildSettings = {
				ALWAYS_SEARCH_USER_PATHS = NO;
				CLANG_ANALYZER_NONNULL = YES;
				CLANG_ANALYZER_NUMBER_OBJECT_CONVERSION = YES_AGGRESSIVE;
				CLANG_CXX_LANGUAGE_STANDARD = "gnu++17";
				CLANG_ENABLE_MODULES = YES;
				CLANG_ENABLE_OBJC_ARC = YES;
				CLANG_ENABLE_OBJC_WEAK = YES;
				CLANG_WARN_BLOCK_CAPTURE_AUTORELEASING = YES;
				CLANG_WARN_BOOL_CONVERSION = YES;
				CLANG_WARN_COMMA = YES;
				CLANG_WARN_CONSTANT_CONVERSION = YES;
				CLANG_WARN_DEPRECATED_OBJC_IMPLEMENTATIONS = YES;
				CLANG_WARN_DIRECT_OBJC_ISA_USAGE = YES_ERROR;
				CLANG_WARN_DOCUMENTATION_COMMENTS = YES;
				CLANG_WARN_EMPTY_BODY = YES;
				CLANG_WARN_ENUM_CONVERSION = YES;
				CLANG_WARN_INFINITE_RECURSION = YES;
				CLANG_WARN_INT_CONVERSION = YES;
				CLANG_WARN_NON_LITERAL_NULL_CONVERSION = YES;
				CLANG_WARN_OBJC_IMPLICIT_RETAIN_SELF = YES;
				CLANG_WARN_OBJC_LITERAL_CONVERSION = YES;
				CLANG_WARN_OBJC_ROOT_CLASS = YES_ERROR;
				CLANG_WARN_QUOTED_INCLUDE_IN_FRAMEWORK_HEADER = YES;
				CLANG_WARN_RANGE_LOOP_ANALYSIS = YES;
				CLANG_WARN_STRICT_PROTOTYPES = YES;
				CLANG_WARN_SUSPICIOUS_MOVE = YES;
				CLANG_WARN_UNGUARDED_AVAILABILITY = YES_AGGRESSIVE;
				CLANG_WARN_UNREACHABLE_CODE = YES;
				CLANG_WARN__DUPLICATE_METHOD_MATCH = YES;
				COPY_PHASE_STRIP = NO;
				DEBUG_INFORMATION_FORMAT = dwarf;
				ENABLE_STRICT_OBJC_MSGSEND = YES;
				ENABLE_TESTABILITY = YES;
				GCC_C_LANGUAGE_STANDARD = gnu11;
				GCC_DYNAMIC_NO_PIC = NO;
				GCC_NO_COMMON_BLOCKS = YES;
				GCC_OPTIMIZATION_LEVEL = 0;
				GCC_PREPROCESSOR_DEFINITIONS = (
					"DEBUG=1",
					"$(inherited)",
				);
				GCC_WARN_64_TO_32_BIT_CONVERSION = YES;
				GCC_WARN_ABOUT_RETURN_TYPE = YES_ERROR;
				GCC_WARN_UNDECLARED_SELECTOR = YES;
				GCC_WARN_UNINITIALIZED_AUTOS = YES_AGGRESSIVE;
				GCC_WARN_UNUSED_FUNCTION = YES;
				GCC_WARN_UNUSED_VARIABLE = YES;
				IPHONEOS_DEPLOYMENT_TARGET = 15.5;
				MTL_ENABLE_DEBUG_INFO = INCLUDE_SOURCE;
				MTL_FAST_MATH = YES;
				ONLY_ACTIVE_ARCH = YES;
				SDKROOT = iphoneos;
				SWIFT_ACTIVE_COMPILATION_CONDITIONS = DEBUG;
				SWIFT_OPTIMIZATION_LEVEL = "-Onone";
			};
			name = Debug;
		};
		2003256128FFC9A0004DE5B6 /* Release */ = {
			isa = XCBuildConfiguration;
			buildSettings = {
				ALWAYS_SEARCH_USER_PATHS = NO;
				CLANG_ANALYZER_NONNULL = YES;
				CLANG_ANALYZER_NUMBER_OBJECT_CONVERSION = YES_AGGRESSIVE;
				CLANG_CXX_LANGUAGE_STANDARD = "gnu++17";
				CLANG_ENABLE_MODULES = YES;
				CLANG_ENABLE_OBJC_ARC = YES;
				CLANG_ENABLE_OBJC_WEAK = YES;
				CLANG_WARN_BLOCK_CAPTURE_AUTORELEASING = YES;
				CLANG_WARN_BOOL_CONVERSION = YES;
				CLANG_WARN_COMMA = YES;
				CLANG_WARN_CONSTANT_CONVERSION = YES;
				CLANG_WARN_DEPRECATED_OBJC_IMPLEMENTATIONS = YES;
				CLANG_WARN_DIRECT_OBJC_ISA_USAGE = YES_ERROR;
				CLANG_WARN_DOCUMENTATION_COMMENTS = YES;
				CLANG_WARN_EMPTY_BODY = YES;
				CLANG_WARN_ENUM_CONVERSION = YES;
				CLANG_WARN_INFINITE_RECURSION = YES;
				CLANG_WARN_INT_CONVERSION = YES;
				CLANG_WARN_NON_LITERAL_NULL_CONVERSION = YES;
				CLANG_WARN_OBJC_IMPLICIT_RETAIN_SELF = YES;
				CLANG_WARN_OBJC_LITERAL_CONVERSION = YES;
				CLANG_WARN_OBJC_ROOT_CLASS = YES_ERROR;
				CLANG_WARN_QUOTED_INCLUDE_IN_FRAMEWORK_HEADER = YES;
				CLANG_WARN_RANGE_LOOP_ANALYSIS = YES;
				CLANG_WARN_STRICT_PROTOTYPES = YES;
				CLANG_WARN_SUSPICIOUS_MOVE = YES;
				CLANG_WARN_UNGUARDED_AVAILABILITY = YES_AGGRESSIVE;
				CLANG_WARN_UNREACHABLE_CODE = YES;
				CLANG_WARN__DUPLICATE_METHOD_MATCH = YES;
				COPY_PHASE_STRIP = NO;
				DEBUG_INFORMATION_FORMAT = "dwarf-with-dsym";
				ENABLE_NS_ASSERTIONS = NO;
				ENABLE_STRICT_OBJC_MSGSEND = YES;
				GCC_C_LANGUAGE_STANDARD = gnu11;
				GCC_NO_COMMON_BLOCKS = YES;
				GCC_WARN_64_TO_32_BIT_CONVERSION = YES;
				GCC_WARN_ABOUT_RETURN_TYPE = YES_ERROR;
				GCC_WARN_UNDECLARED_SELECTOR = YES;
				GCC_WARN_UNINITIALIZED_AUTOS = YES_AGGRESSIVE;
				GCC_WARN_UNUSED_FUNCTION = YES;
				GCC_WARN_UNUSED_VARIABLE = YES;
				IPHONEOS_DEPLOYMENT_TARGET = 15.5;
				MTL_ENABLE_DEBUG_INFO = NO;
				MTL_FAST_MATH = YES;
				SDKROOT = iphoneos;
				SWIFT_COMPILATION_MODE = wholemodule;
				SWIFT_OPTIMIZATION_LEVEL = "-O";
				VALIDATE_PRODUCT = YES;
			};
			name = Release;
		};
		2003256328FFC9A0004DE5B6 /* Debug */ = {
			isa = XCBuildConfiguration;
			buildSettings = {
				ASSETCATALOG_COMPILER_APPICON_NAME = AppIcon;
				ASSETCATALOG_COMPILER_GLOBAL_ACCENT_COLOR_NAME = AccentColor;
				CODE_SIGN_STYLE = Automatic;
				CURRENT_PROJECT_VERSION = 1;
				DEVELOPMENT_ASSET_PATHS = "\"ChilledCafe/Preview Content\"";
				DEVELOPMENT_TEAM = PQ5FS4VVLR;
				ENABLE_PREVIEWS = YES;
				GENERATE_INFOPLIST_FILE = YES;
				INFOPLIST_FILE = ChilledCafe/Info.plist;
				INFOPLIST_KEY_UIApplicationSceneManifest_Generation = YES;
				INFOPLIST_KEY_UIApplicationSupportsIndirectInputEvents = YES;
				INFOPLIST_KEY_UILaunchScreen_Generation = YES;
				INFOPLIST_KEY_UISupportedInterfaceOrientations_iPad = "UIInterfaceOrientationPortrait UIInterfaceOrientationPortraitUpsideDown UIInterfaceOrientationLandscapeLeft UIInterfaceOrientationLandscapeRight";
				INFOPLIST_KEY_UISupportedInterfaceOrientations_iPhone = UIInterfaceOrientationPortrait;
				INFOPLIST_KEY_UIUserInterfaceStyle = Light;
				LD_RUNPATH_SEARCH_PATHS = (
					"$(inherited)",
					"@executable_path/Frameworks",
				);
				MARKETING_VERSION = 1.0;
				PRODUCT_BUNDLE_IDENTIFIER = com.ChilledCafe;
				PRODUCT_NAME = "$(TARGET_NAME)";
				SUPPORTED_PLATFORMS = "iphoneos iphonesimulator";
				SUPPORTS_MACCATALYST = NO;
				SUPPORTS_MAC_DESIGNED_FOR_IPHONE_IPAD = NO;
				SWIFT_EMIT_LOC_STRINGS = YES;
				SWIFT_VERSION = 5.0;
				TARGETED_DEVICE_FAMILY = 1;
			};
			name = Debug;
		};
		2003256428FFC9A0004DE5B6 /* Release */ = {
			isa = XCBuildConfiguration;
			buildSettings = {
				ASSETCATALOG_COMPILER_APPICON_NAME = AppIcon;
				ASSETCATALOG_COMPILER_GLOBAL_ACCENT_COLOR_NAME = AccentColor;
				CODE_SIGN_STYLE = Automatic;
				CURRENT_PROJECT_VERSION = 1;
				DEVELOPMENT_ASSET_PATHS = "\"ChilledCafe/Preview Content\"";
				DEVELOPMENT_TEAM = PQ5FS4VVLR;
				ENABLE_PREVIEWS = YES;
				GENERATE_INFOPLIST_FILE = YES;
				INFOPLIST_FILE = ChilledCafe/Info.plist;
				INFOPLIST_KEY_UIApplicationSceneManifest_Generation = YES;
				INFOPLIST_KEY_UIApplicationSupportsIndirectInputEvents = YES;
				INFOPLIST_KEY_UILaunchScreen_Generation = YES;
				INFOPLIST_KEY_UISupportedInterfaceOrientations_iPad = "UIInterfaceOrientationPortrait UIInterfaceOrientationPortraitUpsideDown UIInterfaceOrientationLandscapeLeft UIInterfaceOrientationLandscapeRight";
				INFOPLIST_KEY_UISupportedInterfaceOrientations_iPhone = UIInterfaceOrientationPortrait;
				INFOPLIST_KEY_UIUserInterfaceStyle = Light;
				LD_RUNPATH_SEARCH_PATHS = (
					"$(inherited)",
					"@executable_path/Frameworks",
				);
				MARKETING_VERSION = 1.0;
				PRODUCT_BUNDLE_IDENTIFIER = com.ChilledCafe;
				PRODUCT_NAME = "$(TARGET_NAME)";
				SUPPORTED_PLATFORMS = "iphoneos iphonesimulator";
				SUPPORTS_MACCATALYST = NO;
				SUPPORTS_MAC_DESIGNED_FOR_IPHONE_IPAD = NO;
				SWIFT_EMIT_LOC_STRINGS = YES;
				SWIFT_VERSION = 5.0;
				TARGETED_DEVICE_FAMILY = 1;
			};
			name = Release;
		};
/* End XCBuildConfiguration section */

/* Begin XCConfigurationList section */
		2003254F28FFC9A0004DE5B6 /* Build configuration list for PBXProject "ChilledCafe" */ = {
			isa = XCConfigurationList;
			buildConfigurations = (
				2003256028FFC9A0004DE5B6 /* Debug */,
				2003256128FFC9A0004DE5B6 /* Release */,
			);
			defaultConfigurationIsVisible = 0;
			defaultConfigurationName = Release;
		};
		2003256228FFC9A0004DE5B6 /* Build configuration list for PBXNativeTarget "ChilledCafe" */ = {
			isa = XCConfigurationList;
			buildConfigurations = (
				2003256328FFC9A0004DE5B6 /* Debug */,
				2003256428FFC9A0004DE5B6 /* Release */,
			);
			defaultConfigurationIsVisible = 0;
			defaultConfigurationName = Release;
		};
/* End XCConfigurationList section */

/* Begin XCRemoteSwiftPackageReference section */
		3906DC74290312FE00B26783 /* XCRemoteSwiftPackageReference "Kingfisher" */ = {
			isa = XCRemoteSwiftPackageReference;
			repositoryURL = "https://github.com/onevcat/Kingfisher.git";
			requirement = {
				branch = master;
				kind = branch;
			};
		};
		3906DC7F2904484600B26783 /* XCRemoteSwiftPackageReference "ACarousel" */ = {
			isa = XCRemoteSwiftPackageReference;
			repositoryURL = "https://github.com/JWAutumn/ACarousel";
			requirement = {
				kind = upToNextMajorVersion;
				minimumVersion = 0.2.0;
			};
		};
		9A2930DC290270EF0005D339 /* XCRemoteSwiftPackageReference "firebase-ios-sdk" */ = {
			isa = XCRemoteSwiftPackageReference;
			repositoryURL = "https://github.com/firebase/firebase-ios-sdk";
			requirement = {
				kind = upToNextMajorVersion;
				minimumVersion = 9.1.0;
			};
		};
/* End XCRemoteSwiftPackageReference section */

/* Begin XCSwiftPackageProductDependency section */
		3906DC75290312FE00B26783 /* Kingfisher */ = {
			isa = XCSwiftPackageProductDependency;
			package = 3906DC74290312FE00B26783 /* XCRemoteSwiftPackageReference "Kingfisher" */;
			productName = Kingfisher;
		};
		3906DC802904484700B26783 /* ACarousel */ = {
			isa = XCSwiftPackageProductDependency;
			package = 3906DC7F2904484600B26783 /* XCRemoteSwiftPackageReference "ACarousel" */;
			productName = ACarousel;
		};
		9A2930DD290270EF0005D339 /* FirebaseAnalytics */ = {
			isa = XCSwiftPackageProductDependency;
			package = 9A2930DC290270EF0005D339 /* XCRemoteSwiftPackageReference "firebase-ios-sdk" */;
			productName = FirebaseAnalytics;
		};
		9A2930DF290270EF0005D339 /* FirebaseAuth */ = {
			isa = XCSwiftPackageProductDependency;
			package = 9A2930DC290270EF0005D339 /* XCRemoteSwiftPackageReference "firebase-ios-sdk" */;
			productName = FirebaseAuth;
		};
		9A2930E1290270EF0005D339 /* FirebaseDatabase */ = {
			isa = XCSwiftPackageProductDependency;
			package = 9A2930DC290270EF0005D339 /* XCRemoteSwiftPackageReference "firebase-ios-sdk" */;
			productName = FirebaseDatabase;
		};
		9A2930E3290270EF0005D339 /* FirebaseFirestore */ = {
			isa = XCSwiftPackageProductDependency;
			package = 9A2930DC290270EF0005D339 /* XCRemoteSwiftPackageReference "firebase-ios-sdk" */;
			productName = FirebaseFirestore;
		};
		9A2930E5290270EF0005D339 /* FirebaseFunctions */ = {
			isa = XCSwiftPackageProductDependency;
			package = 9A2930DC290270EF0005D339 /* XCRemoteSwiftPackageReference "firebase-ios-sdk" */;
			productName = FirebaseFunctions;
		};
		9A2930E7290270EF0005D339 /* FirebaseStorage */ = {
			isa = XCSwiftPackageProductDependency;
			package = 9A2930DC290270EF0005D339 /* XCRemoteSwiftPackageReference "firebase-ios-sdk" */;
			productName = FirebaseStorage;
		};
/* End XCSwiftPackageProductDependency section */
	};
	rootObject = 2003254C28FFC9A0004DE5B6 /* Project object */;
}
